# THIS IS AN AUTOGENERATED FILE. DO NOT EDIT THIS FILE DIRECTLY.
# yarn lockfile v1


vue-router@^2.3.1:
  version "2.3.1"
  resolved "https://registry.yarnpkg.com/vue-router/-/vue-router-2.3.1.tgz#3135448cf57d4ca576906061a5a9d25fae0214d7"

vue@^2.2.6:
  version "2.2.6"
  resolved "https://registry.yarnpkg.com/vue/-/vue-2.2.6.tgz#451714b394dd6d4eae7b773c40c2034a59621aed"

vuex@^2.2.1:
  version "2.2.1"
  resolved "https://registry.yarnpkg.com/vuex/-/vuex-2.2.1.tgz#a42d0ce18cb0e0359258f84bfd76835ed468c185"
